// !$*UTF8*$!
{
	archiveVersion = 1;
	classes = {
	};
	objectVersion = 55;
	objects = {

/* Begin PBXBuildFile section */
		0B552CBA29197E5C00F4764C /* Utrecht_pointsApp.swift in Sources */ = {isa = PBXBuildFile; fileRef = 0B552CB929197E5C00F4764C /* Utrecht_pointsApp.swift */; };
		0B552CBC29197E5C00F4764C /* ContentView.swift in Sources */ = {isa = PBXBuildFile; fileRef = 0B552CBB29197E5C00F4764C /* ContentView.swift */; };
		0B552CC129197E6000F4764C /* Preview Assets.xcassets in Resources */ = {isa = PBXBuildFile; fileRef = 0B552CC029197E6000F4764C /* Preview Assets.xcassets */; };
		0B552CC829197EEA00F4764C /* Assets.xcassets in Resources */ = {isa = PBXBuildFile; fileRef = 0B552CC729197EEA00F4764C /* Assets.xcassets */; };
		0B552CCD29197F8400F4764C /* Location.swift in Sources */ = {isa = PBXBuildFile; fileRef = 0B552CCC29197F8400F4764C /* Location.swift */; };
		0B552CD02919808200F4764C /* LocationService.swift in Sources */ = {isa = PBXBuildFile; fileRef = 0B552CCF2919808200F4764C /* LocationService.swift */; };
		0B552CD2291982D600F4764C /* LocationsView.swift in Sources */ = {isa = PBXBuildFile; fileRef = 0B552CD1291982D600F4764C /* LocationsView.swift */; };
		0B552CD4291988C100F4764C /* LocationsViewModel.swift in Sources */ = {isa = PBXBuildFile; fileRef = 0B552CD3291988C100F4764C /* LocationsViewModel.swift */; };
		0B552CD6291A7E5B00F4764C /* LocationsListView.swift in Sources */ = {isa = PBXBuildFile; fileRef = 0B552CD5291A7E5B00F4764C /* LocationsListView.swift */; };
		0B552CD8291AC2F800F4764C /* LocationPreviewView.swift in Sources */ = {isa = PBXBuildFile; fileRef = 0B552CD7291AC2F700F4764C /* LocationPreviewView.swift */; };
		0B552CDA291BB66000F4764C /* LocationDetailView.swift in Sources */ = {isa = PBXBuildFile; fileRef = 0B552CD9291BB65F00F4764C /* LocationDetailView.swift */; };
		0B552CDC291BC8DA00F4764C /* LocationManager.swift in Sources */ = {isa = PBXBuildFile; fileRef = 0B552CDB291BC8DA00F4764C /* LocationManager.swift */; };
		0B552CDE291CF56700F4764C /* Constants.swift in Sources */ = {isa = PBXBuildFile; fileRef = 0B552CDD291CF56700F4764C /* Constants.swift */; };
		0B552CE5291D01B200F4764C /* Global.swift in Sources */ = {isa = PBXBuildFile; fileRef = 0B552CE1291D01B200F4764C /* Global.swift */; };
		0B552CE6291D01B200F4764C /* OnboardingManager.swift in Sources */ = {isa = PBXBuildFile; fileRef = 0B552CE2291D01B200F4764C /* OnboardingManager.swift */; };
		0B552CE7291D01B200F4764C /* OnboardingData.swift in Sources */ = {isa = PBXBuildFile; fileRef = 0B552CE3291D01B200F4764C /* OnboardingData.swift */; };
		0B552CE8291D01B200F4764C /* OnboardingView.swift in Sources */ = {isa = PBXBuildFile; fileRef = 0B552CE4291D01B200F4764C /* OnboardingView.swift */; };
/* End PBXBuildFile section */

/* Begin PBXFileReference section */
		0B552CB629197E5C00F4764C /* Utrecht points.app */ = {isa = PBXFileReference; explicitFileType = wrapper.application; includeInIndex = 0; path = "Utrecht points.app"; sourceTree = BUILT_PRODUCTS_DIR; };
		0B552CB929197E5C00F4764C /* Utrecht_pointsApp.swift */ = {isa = PBXFileReference; lastKnownFileType = sourcecode.swift; path = Utrecht_pointsApp.swift; sourceTree = "<group>"; };
		0B552CBB29197E5C00F4764C /* ContentView.swift */ = {isa = PBXFileReference; lastKnownFileType = sourcecode.swift; path = ContentView.swift; sourceTree = "<group>"; };
		0B552CC029197E6000F4764C /* Preview Assets.xcassets */ = {isa = PBXFileReference; lastKnownFileType = folder.assetcatalog; path = "Preview Assets.xcassets"; sourceTree = "<group>"; };
		0B552CC729197EEA00F4764C /* Assets.xcassets */ = {isa = PBXFileReference; lastKnownFileType = folder.assetcatalog; path = Assets.xcassets; sourceTree = "<group>"; };
		0B552CCC29197F8400F4764C /* Location.swift */ = {isa = PBXFileReference; lastKnownFileType = sourcecode.swift; path = Location.swift; sourceTree = "<group>"; };
		0B552CCF2919808200F4764C /* LocationService.swift */ = {isa = PBXFileReference; lastKnownFileType = sourcecode.swift; path = LocationService.swift; sourceTree = "<group>"; };
		0B552CD1291982D600F4764C /* LocationsView.swift */ = {isa = PBXFileReference; lastKnownFileType = sourcecode.swift; path = LocationsView.swift; sourceTree = "<group>"; };
		0B552CD3291988C100F4764C /* LocationsViewModel.swift */ = {isa = PBXFileReference; lastKnownFileType = sourcecode.swift; path = LocationsViewModel.swift; sourceTree = "<group>"; };
		0B552CD5291A7E5B00F4764C /* LocationsListView.swift */ = {isa = PBXFileReference; lastKnownFileType = sourcecode.swift; path = LocationsListView.swift; sourceTree = "<group>"; };
		0B552CD7291AC2F700F4764C /* LocationPreviewView.swift */ = {isa = PBXFileReference; lastKnownFileType = sourcecode.swift; path = LocationPreviewView.swift; sourceTree = "<group>"; };
		0B552CD9291BB65F00F4764C /* LocationDetailView.swift */ = {isa = PBXFileReference; lastKnownFileType = sourcecode.swift; path = LocationDetailView.swift; sourceTree = "<group>"; };
		0B552CDB291BC8DA00F4764C /* LocationManager.swift */ = {isa = PBXFileReference; lastKnownFileType = sourcecode.swift; path = LocationManager.swift; sourceTree = "<group>"; };
		0B552CDD291CF56700F4764C /* Constants.swift */ = {isa = PBXFileReference; lastKnownFileType = sourcecode.swift; path = Constants.swift; sourceTree = "<group>"; };
		0B552CDF291CFB6700F4764C /* Utrecht-points-Info.plist */ = {isa = PBXFileReference; lastKnownFileType = text.plist; path = "Utrecht-points-Info.plist"; sourceTree = SOURCE_ROOT; };
		0B552CE1291D01B200F4764C /* Global.swift */ = {isa = PBXFileReference; fileEncoding = 4; lastKnownFileType = sourcecode.swift; path = Global.swift; sourceTree = "<group>"; };
		0B552CE2291D01B200F4764C /* OnboardingManager.swift */ = {isa = PBXFileReference; fileEncoding = 4; lastKnownFileType = sourcecode.swift; path = OnboardingManager.swift; sourceTree = "<group>"; };
		0B552CE3291D01B200F4764C /* OnboardingData.swift */ = {isa = PBXFileReference; fileEncoding = 4; lastKnownFileType = sourcecode.swift; path = OnboardingData.swift; sourceTree = "<group>"; };
		0B552CE4291D01B200F4764C /* OnboardingView.swift */ = {isa = PBXFileReference; fileEncoding = 4; lastKnownFileType = sourcecode.swift; path = OnboardingView.swift; sourceTree = "<group>"; };
/* End PBXFileReference section */

/* Begin PBXFrameworksBuildPhase section */
		0B552CB329197E5C00F4764C /* Frameworks */ = {
			isa = PBXFrameworksBuildPhase;
			buildActionMask = 2147483647;
			files = (
			);
			runOnlyForDeploymentPostprocessing = 0;
		};
/* End PBXFrameworksBuildPhase section */

/* Begin PBXGroup section */
		0B552CAD29197E5B00F4764C = {
			isa = PBXGroup;
			children = (
				0B552CB829197E5C00F4764C /* Utrecht points */,
				0B552CB729197E5C00F4764C /* Products */,
			);
			sourceTree = "<group>";
		};
		0B552CB729197E5C00F4764C /* Products */ = {
			isa = PBXGroup;
			children = (
				0B552CB629197E5C00F4764C /* Utrecht points.app */,
			);
			name = Products;
			sourceTree = "<group>";
		};
		0B552CB829197E5C00F4764C /* Utrecht points */ = {
			isa = PBXGroup;
			children = (
				0B552CDF291CFB6700F4764C /* Utrecht-points-Info.plist */,
				0B552CB929197E5C00F4764C /* Utrecht_pointsApp.swift */,
				0B552CBB29197E5C00F4764C /* ContentView.swift */,
				0B552CE0291D01B200F4764C /* Onboarding */,
				0B552CCE2919804300F4764C /* Services */,
				0B552CCB29197F6000F4764C /* ViewModel */,
				0B552CCA29197F5500F4764C /* View */,
				0B552CC929197F4B00F4764C /* Model */,
				0B552CC729197EEA00F4764C /* Assets.xcassets */,
				0B552CBF29197E6000F4764C /* Preview Content */,
			);
			path = "Utrecht points";
			sourceTree = "<group>";
		};
		0B552CBF29197E6000F4764C /* Preview Content */ = {
			isa = PBXGroup;
			children = (
				0B552CC029197E6000F4764C /* Preview Assets.xcassets */,
			);
			path = "Preview Content";
			sourceTree = "<group>";
		};
		0B552CC929197F4B00F4764C /* Model */ = {
			isa = PBXGroup;
			children = (
				0B552CCC29197F8400F4764C /* Location.swift */,
			);
			path = Model;
			sourceTree = "<group>";
		};
		0B552CCA29197F5500F4764C /* View */ = {
			isa = PBXGroup;
			children = (
				0B552CD1291982D600F4764C /* LocationsView.swift */,
				0B552CD9291BB65F00F4764C /* LocationDetailView.swift */,
				0B552CD7291AC2F700F4764C /* LocationPreviewView.swift */,
				0B552CD5291A7E5B00F4764C /* LocationsListView.swift */,
			);
			path = View;
			sourceTree = "<group>";
		};
		0B552CCB29197F6000F4764C /* ViewModel */ = {
			isa = PBXGroup;
			children = (
				0B552CD3291988C100F4764C /* LocationsViewModel.swift */,
			);
			path = ViewModel;
			sourceTree = "<group>";
		};
		0B552CCE2919804300F4764C /* Services */ = {
			isa = PBXGroup;
			children = (
				0B552CCF2919808200F4764C /* LocationService.swift */,
				0B552CDB291BC8DA00F4764C /* LocationManager.swift */,
				0B552CDD291CF56700F4764C /* Constants.swift */,
			);
			path = Services;
			sourceTree = "<group>";
		};
		0B552CE0291D01B200F4764C /* Onboarding */ = {
			isa = PBXGroup;
			children = (
				0B552CE1291D01B200F4764C /* Global.swift */,
				0B552CE2291D01B200F4764C /* OnboardingManager.swift */,
				0B552CE3291D01B200F4764C /* OnboardingData.swift */,
				0B552CE4291D01B200F4764C /* OnboardingView.swift */,
			);
			path = Onboarding;
			sourceTree = "<group>";
		};
/* End PBXGroup section */

/* Begin PBXNativeTarget section */
		0B552CB529197E5C00F4764C /* Utrecht points */ = {
			isa = PBXNativeTarget;
			buildConfigurationList = 0B552CC429197E6000F4764C /* Build configuration list for PBXNativeTarget "Utrecht points" */;
			buildPhases = (
				0B552CB229197E5C00F4764C /* Sources */,
				0B552CB329197E5C00F4764C /* Frameworks */,
				0B552CB429197E5C00F4764C /* Resources */,
			);
			buildRules = (
			);
			dependencies = (
			);
			name = "Utrecht points";
			productName = "Utrecht points";
			productReference = 0B552CB629197E5C00F4764C /* Utrecht points.app */;
			productType = "com.apple.product-type.application";
		};
/* End PBXNativeTarget section */

/* Begin PBXProject section */
		0B552CAE29197E5B00F4764C /* Project object */ = {
			isa = PBXProject;
			attributes = {
				BuildIndependentTargetsInParallel = 1;
				LastSwiftUpdateCheck = 1340;
				LastUpgradeCheck = 1340;
				TargetAttributes = {
					0B552CB529197E5C00F4764C = {
						CreatedOnToolsVersion = 13.4;
					};
				};
			};
			buildConfigurationList = 0B552CB129197E5B00F4764C /* Build configuration list for PBXProject "Utrecht points" */;
			compatibilityVersion = "Xcode 13.0";
			developmentRegion = en;
			hasScannedForEncodings = 0;
			knownRegions = (
				en,
				Base,
			);
			mainGroup = 0B552CAD29197E5B00F4764C;
			productRefGroup = 0B552CB729197E5C00F4764C /* Products */;
			projectDirPath = "";
			projectRoot = "";
			targets = (
				0B552CB529197E5C00F4764C /* Utrecht points */,
			);
		};
/* End PBXProject section */

/* Begin PBXResourcesBuildPhase section */
		0B552CB429197E5C00F4764C /* Resources */ = {
			isa = PBXResourcesBuildPhase;
			buildActionMask = 2147483647;
			files = (
				0B552CC829197EEA00F4764C /* Assets.xcassets in Resources */,
				0B552CC129197E6000F4764C /* Preview Assets.xcassets in Resources */,
			);
			runOnlyForDeploymentPostprocessing = 0;
		};
/* End PBXResourcesBuildPhase section */

/* Begin PBXSourcesBuildPhase section */
		0B552CB229197E5C00F4764C /* Sources */ = {
			isa = PBXSourcesBuildPhase;
			buildActionMask = 2147483647;
			files = (
				0B552CCD29197F8400F4764C /* Location.swift in Sources */,
				0B552CDE291CF56700F4764C /* Constants.swift in Sources */,
				0B552CD6291A7E5B00F4764C /* LocationsListView.swift in Sources */,
				0B552CE8291D01B200F4764C /* OnboardingView.swift in Sources */,
				0B552CDC291BC8DA00F4764C /* LocationManager.swift in Sources */,
				0B552CE6291D01B200F4764C /* OnboardingManager.swift in Sources */,
				0B552CDA291BB66000F4764C /* LocationDetailView.swift in Sources */,
				0B552CE7291D01B200F4764C /* OnboardingData.swift in Sources */,
				0B552CD4291988C100F4764C /* LocationsViewModel.swift in Sources */,
				0B552CBC29197E5C00F4764C /* ContentView.swift in Sources */,
				0B552CD8291AC2F800F4764C /* LocationPreviewView.swift in Sources */,
				0B552CE5291D01B200F4764C /* Global.swift in Sources */,
				0B552CD2291982D600F4764C /* LocationsView.swift in Sources */,
				0B552CD02919808200F4764C /* LocationService.swift in Sources */,
				0B552CBA29197E5C00F4764C /* Utrecht_pointsApp.swift in Sources */,
			);
			runOnlyForDeploymentPostprocessing = 0;
		};
/* End PBXSourcesBuildPhase section */

/* Begin XCBuildConfiguration section */
		0B552CC229197E6000F4764C /* Debug */ = {
			isa = XCBuildConfiguration;
			buildSettings = {
				ALWAYS_SEARCH_USER_PATHS = NO;
				CLANG_ANALYZER_NONNULL = YES;
				CLANG_ANALYZER_NUMBER_OBJECT_CONVERSION = YES_AGGRESSIVE;
				CLANG_CXX_LANGUAGE_STANDARD = "gnu++17";
				CLANG_ENABLE_MODULES = YES;
				CLANG_ENABLE_OBJC_ARC = YES;
				CLANG_ENABLE_OBJC_WEAK = YES;
				CLANG_WARN_BLOCK_CAPTURE_AUTORELEASING = YES;
				CLANG_WARN_BOOL_CONVERSION = YES;
				CLANG_WARN_COMMA = YES;
				CLANG_WARN_CONSTANT_CONVERSION = YES;
				CLANG_WARN_DEPRECATED_OBJC_IMPLEMENTATIONS = YES;
				CLANG_WARN_DIRECT_OBJC_ISA_USAGE = YES_ERROR;
				CLANG_WARN_DOCUMENTATION_COMMENTS = YES;
				CLANG_WARN_EMPTY_BODY = YES;
				CLANG_WARN_ENUM_CONVERSION = YES;
				CLANG_WARN_INFINITE_RECURSION = YES;
				CLANG_WARN_INT_CONVERSION = YES;
				CLANG_WARN_NON_LITERAL_NULL_CONVERSION = YES;
				CLANG_WARN_OBJC_IMPLICIT_RETAIN_SELF = YES;
				CLANG_WARN_OBJC_LITERAL_CONVERSION = YES;
				CLANG_WARN_OBJC_ROOT_CLASS = YES_ERROR;
				CLANG_WARN_QUOTED_INCLUDE_IN_FRAMEWORK_HEADER = YES;
				CLANG_WARN_RANGE_LOOP_ANALYSIS = YES;
				CLANG_WARN_STRICT_PROTOTYPES = YES;
				CLANG_WARN_SUSPICIOUS_MOVE = YES;
				CLANG_WARN_UNGUARDED_AVAILABILITY = YES_AGGRESSIVE;
				CLANG_WARN_UNREACHABLE_CODE = YES;
				CLANG_WARN__DUPLICATE_METHOD_MATCH = YES;
				COPY_PHASE_STRIP = NO;
				DEBUG_INFORMATION_FORMAT = dwarf;
				ENABLE_STRICT_OBJC_MSGSEND = YES;
				ENABLE_TESTABILITY = YES;
				GCC_C_LANGUAGE_STANDARD = gnu11;
				GCC_DYNAMIC_NO_PIC = NO;
				GCC_NO_COMMON_BLOCKS = YES;
				GCC_OPTIMIZATION_LEVEL = 0;
				GCC_PREPROCESSOR_DEFINITIONS = (
					"DEBUG=1",
					"$(inherited)",
				);
				GCC_WARN_64_TO_32_BIT_CONVERSION = YES;
				GCC_WARN_ABOUT_RETURN_TYPE = YES_ERROR;
				GCC_WARN_UNDECLARED_SELECTOR = YES;
				GCC_WARN_UNINITIALIZED_AUTOS = YES_AGGRESSIVE;
				GCC_WARN_UNUSED_FUNCTION = YES;
				GCC_WARN_UNUSED_VARIABLE = YES;
				IPHONEOS_DEPLOYMENT_TARGET = 15.5;
				MTL_ENABLE_DEBUG_INFO = INCLUDE_SOURCE;
				MTL_FAST_MATH = YES;
				ONLY_ACTIVE_ARCH = YES;
				SDKROOT = iphoneos;
				SWIFT_ACTIVE_COMPILATION_CONDITIONS = DEBUG;
				SWIFT_OPTIMIZATION_LEVEL = "-Onone";
			};
			name = Debug;
		};
		0B552CC329197E6000F4764C /* Release */ = {
			isa = XCBuildConfiguration;
			buildSettings = {
				ALWAYS_SEARCH_USER_PATHS = NO;
				CLANG_ANALYZER_NONNULL = YES;
				CLANG_ANALYZER_NUMBER_OBJECT_CONVERSION = YES_AGGRESSIVE;
				CLANG_CXX_LANGUAGE_STANDARD = "gnu++17";
				CLANG_ENABLE_MODULES = YES;
				CLANG_ENABLE_OBJC_ARC = YES;
				CLANG_ENABLE_OBJC_WEAK = YES;
				CLANG_WARN_BLOCK_CAPTURE_AUTORELEASING = YES;
				CLANG_WARN_BOOL_CONVERSION = YES;
				CLANG_WARN_COMMA = YES;
				CLANG_WARN_CONSTANT_CONVERSION = YES;
				CLANG_WARN_DEPRECATED_OBJC_IMPLEMENTATIONS = YES;
				CLANG_WARN_DIRECT_OBJC_ISA_USAGE = YES_ERROR;
				CLANG_WARN_DOCUMENTATION_COMMENTS = YES;
				CLANG_WARN_EMPTY_BODY = YES;
				CLANG_WARN_ENUM_CONVERSION = YES;
				CLANG_WARN_INFINITE_RECURSION = YES;
				CLANG_WARN_INT_CONVERSION = YES;
				CLANG_WARN_NON_LITERAL_NULL_CONVERSION = YES;
				CLANG_WARN_OBJC_IMPLICIT_RETAIN_SELF = YES;
				CLANG_WARN_OBJC_LITERAL_CONVERSION = YES;
				CLANG_WARN_OBJC_ROOT_CLASS = YES_ERROR;
				CLANG_WARN_QUOTED_INCLUDE_IN_FRAMEWORK_HEADER = YES;
				CLANG_WARN_RANGE_LOOP_ANALYSIS = YES;
				CLANG_WARN_STRICT_PROTOTYPES = YES;
				CLANG_WARN_SUSPICIOUS_MOVE = YES;
				CLANG_WARN_UNGUARDED_AVAILABILITY = YES_AGGRESSIVE;
				CLANG_WARN_UNREACHABLE_CODE = YES;
				CLANG_WARN__DUPLICATE_METHOD_MATCH = YES;
				COPY_PHASE_STRIP = NO;
				DEBUG_INFORMATION_FORMAT = "dwarf-with-dsym";
				ENABLE_NS_ASSERTIONS = NO;
				ENABLE_STRICT_OBJC_MSGSEND = YES;
				GCC_C_LANGUAGE_STANDARD = gnu11;
				GCC_NO_COMMON_BLOCKS = YES;
				GCC_WARN_64_TO_32_BIT_CONVERSION = YES;
				GCC_WARN_ABOUT_RETURN_TYPE = YES_ERROR;
				GCC_WARN_UNDECLARED_SELECTOR = YES;
				GCC_WARN_UNINITIALIZED_AUTOS = YES_AGGRESSIVE;
				GCC_WARN_UNUSED_FUNCTION = YES;
				GCC_WARN_UNUSED_VARIABLE = YES;
				IPHONEOS_DEPLOYMENT_TARGET = 15.5;
				MTL_ENABLE_DEBUG_INFO = NO;
				MTL_FAST_MATH = YES;
				SDKROOT = iphoneos;
				SWIFT_COMPILATION_MODE = wholemodule;
				SWIFT_OPTIMIZATION_LEVEL = "-O";
				VALIDATE_PRODUCT = YES;
			};
			name = Release;
		};
		0B552CC529197E6000F4764C /* Debug */ = {
			isa = XCBuildConfiguration;
			buildSettings = {
				ASSETCATALOG_COMPILER_APPICON_NAME = AppIcon;
				ASSETCATALOG_COMPILER_GLOBAL_ACCENT_COLOR_NAME = AccentColor;
				CODE_SIGN_STYLE = Automatic;
				CURRENT_PROJECT_VERSION = 1;
				DEVELOPMENT_ASSET_PATHS = "\"Utrecht points/Preview Content\"";
				DEVELOPMENT_TEAM = 327B2F3V2J;
				ENABLE_PREVIEWS = YES;
				GENERATE_INFOPLIST_FILE = YES;
				INFOPLIST_FILE = "Utrecht-points-Info.plist";
				INFOPLIST_KEY_NSLocationWhenInUseUsageDescription = "Need location to see user's locationn";
				INFOPLIST_KEY_UIApplicationSceneManifest_Generation = YES;
				INFOPLIST_KEY_UIApplicationSupportsIndirectInputEvents = YES;
				INFOPLIST_KEY_UISupportedInterfaceOrientations = UIInterfaceOrientationPortrait;
				INFOPLIST_KEY_UISupportedInterfaceOrientations_iPad = "UIInterfaceOrientationPortrait UIInterfaceOrientationPortraitUpsideDown UIInterfaceOrientationLandscapeLeft UIInterfaceOrientationLandscapeRight";
				INFOPLIST_KEY_UISupportedInterfaceOrientations_iPhone = UIInterfaceOrientationPortrait;
				LD_RUNPATH_SEARCH_PATHS = (
					"$(inherited)",
					"@executable_path/Frameworks",
				);
				MARKETING_VERSION = 1.0;
				PRODUCT_BUNDLE_IDENTIFIER = "com.Mr.Ki.Utrecht-points";
				PRODUCT_NAME = "$(TARGET_NAME)";
				SWIFT_EMIT_LOC_STRINGS = YES;
				SWIFT_VERSION = 5.0;
				TARGETED_DEVICE_FAMILY = "1,2";
			};
			name = Debug;
		};
		0B552CC629197E6000F4764C /* Release */ = {
			isa = XCBuildConfiguration;
			buildSettings = {
				ASSETCATALOG_COMPILER_APPICON_NAME = AppIcon;
				ASSETCATALOG_COMPILER_GLOBAL_ACCENT_COLOR_NAME = AccentColor;
				CODE_SIGN_STYLE = Automatic;
				CURRENT_PROJECT_VERSION = 1;
				DEVELOPMENT_ASSET_PATHS = "\"Utrecht points/Preview Content\"";
				DEVELOPMENT_TEAM = 327B2F3V2J;
				ENABLE_PREVIEWS = YES;
				GENERATE_INFOPLIST_FILE = YES;
				INFOPLIST_FILE = "Utrecht-points-Info.plist";
				INFOPLIST_KEY_NSLocationWhenInUseUsageDescription = "Need location to see user's locationn";
				INFOPLIST_KEY_UIApplicationSceneManifest_Generation = YES;
				INFOPLIST_KEY_UIApplicationSupportsIndirectInputEvents = YES;
				INFOPLIST_KEY_UISupportedInterfaceOrientations = UIInterfaceOrientationPortrait;
				INFOPLIST_KEY_UISupportedInterfaceOrientations_iPad = "UIInterfaceOrientationPortrait UIInterfaceOrientationPortraitUpsideDown UIInterfaceOrientationLandscapeLeft UIInterfaceOrientationLandscapeRight";
				INFOPLIST_KEY_UISupportedInterfaceOrientations_iPhone = UIInterfaceOrientationPortrait;
				LD_RUNPATH_SEARCH_PATHS = (
					"$(inherited)",
					"@executable_path/Frameworks",
				);
				MARKETING_VERSION = 1.0;
				PRODUCT_BUNDLE_IDENTIFIER = "com.Mr.Ki.Utrecht-points";
				PRODUCT_NAME = "$(TARGET_NAME)";
				SWIFT_EMIT_LOC_STRINGS = YES;
				SWIFT_VERSION = 5.0;
				TARGETED_DEVICE_FAMILY = "1,2";
			};
			name = Release;
		};
/* End XCBuildConfiguration section */

/* Begin XCConfigurationList section */
		0B552CB129197E5B00F4764C /* Build configuration list for PBXProject "Utrecht points" */ = {
			isa = XCConfigurationList;
			buildConfigurations = (
				0B552CC229197E6000F4764C /* Debug */,
				0B552CC329197E6000F4764C /* Release */,
			);
			defaultConfigurationIsVisible = 0;
			defaultConfigurationName = Release;
		};
		0B552CC429197E6000F4764C /* Build configuration list for PBXNativeTarget "Utrecht points" */ = {
			isa = XCConfigurationList;
			buildConfigurations = (
				0B552CC529197E6000F4764C /* Debug */,
				0B552CC629197E6000F4764C /* Release */,
			);
			defaultConfigurationIsVisible = 0;
			defaultConfigurationName = Release;
		};
/* End XCConfigurationList section */
	};
	rootObject = 0B552CAE29197E5B00F4764C /* Project object */;
}
